
Microsoft Visual Studio Solution File, Format Version 12.00
# Visual Studio 2015
Project("{FAE04EC0-301F-11D3-BF4B-00C04F79EFBC}") = "FSA.CSharp.Plugins", "FSA.CSharp.Plugins.csproj", "{920B2599-B361-6DD8-78D3-E0F0A54C383A}"
EndProject
Project("{FAE04EC0-301F-11D3-BF4B-00C04F79EFBC}") = "FSA.CSharp", "FSA.CSharp.csproj", "{F8BDCE09-9C4F-B8C5-C048-2E0D3AB0E9FF}"
EndProject
Project("{FAE04EC0-301F-11D3-BF4B-00C04F79EFBC}") = "FSA.CSharp.Editor", "FSA.CSharp.Editor.csproj", "{9CA909A1-5077-0C31-BF6D-1AEB65413BC4}"
EndProject
Global
	GlobalSection(SolutionConfigurationPlatforms) = preSolution
		Debug|Any CPU = Debug|Any CPU
		Release|Any CPU = Release|Any CPU
	EndGlobalSection
	GlobalSection(ProjectConfigurationPlatforms) = postSolution
		{920B2599-B361-6DD8-78D3-E0F0A54C383A}.Debug|Any CPU.ActiveCfg = Debug|Any CPU
		{920B2599-B361-6DD8-78D3-E0F0A54C383A}.Debug|Any CPU.Build.0 = Debug|Any CPU
		{920B2599-B361-6DD8-78D3-E0F0A54C383A}.Release|Any CPU.ActiveCfg = Release|Any CPU
		{920B2599-B361-6DD8-78D3-E0F0A54C383A}.Release|Any CPU.Build.0 = Release|Any CPU
		{F8BDCE09-9C4F-B8C5-C048-2E0D3AB0E9FF}.Debug|Any CPU.ActiveCfg = Debug|Any CPU
		{F8BDCE09-9C4F-B8C5-C048-2E0D3AB0E9FF}.Debug|Any CPU.Build.0 = Debug|Any CPU
		{F8BDCE09-9C4F-B8C5-C048-2E0D3AB0E9FF}.Release|Any CPU.ActiveCfg = Release|Any CPU
		{F8BDCE09-9C4F-B8C5-C048-2E0D3AB0E9FF}.Release|Any CPU.Build.0 = Release|Any CPU
		{9CA909A1-5077-0C31-BF6D-1AEB65413BC4}.Debug|Any CPU.ActiveCfg = Debug|Any CPU
		{9CA909A1-5077-0C31-BF6D-1AEB65413BC4}.Debug|Any CPU.Build.0 = Debug|Any CPU
		{9CA909A1-5077-0C31-BF6D-1AEB65413BC4}.Release|Any CPU.ActiveCfg = Release|Any CPU
		{9CA909A1-5077-0C31-BF6D-1AEB65413BC4}.Release|Any CPU.Build.0 = Release|Any CPU
	EndGlobalSection
	GlobalSection(SolutionProperties) = preSolution
		HideSolutionNode = FALSE
	EndGlobalSection
EndGlobal
